{
  "version": 4,
  "terraform_version": "1.11.4",
  "serial": 5,
  "lineage": "17e8ac8d-e9ba-e255-4014-97966f54ea1d",
  "outputs": {
    "external_ip": {
      "value": "158.160.108.250",
      "type": "string"
    }
  },
  "resources": [
    {
      "mode": "data",
      "type": "yandex_compute_image",
      "name": "ubuntu",
      "provider": "provider[\"registry.terraform.io/yandex-cloud/yandex\"]",
      "instances": [
        {
          "schema_version": 0,
          "attributes": {
            "created_at": "2025-05-12T11:04:10Z",
            "description": "Ubuntu 20.04 lts v20250502010615",
            "family": "ubuntu-2004-lts",
            "folder_id": "standard-images",
            "hardware_generation": [
              {
                "generation2_features": [],
                "legacy_features": [
                  {
                    "pci_topology": "PCI_TOPOLOGY_V2"
                  }
                ]
              }
            ],
            "id": "fd84un3d0obtanot7ckm",
            "image_id": "fd84un3d0obtanot7ckm",
            "kms_key_id": null,
            "labels": {
              "version": "20250502010615"
            },
            "min_disk_size": 5,
            "name": "ubuntu-20-04-lts-v20250512",
            "os_type": "linux",
            "pooled": true,
            "product_ids": [
              "f2ec1v0q7ubao5fdh76o"
            ],
            "size": 2,
            "status": "ready"
          },
          "sensitive_attributes": []
        }
      ]
    },
    {
      "mode": "managed",
      "type": "yandex_compute_instance",
      "name": "vm",
      "provider": "provider[\"registry.terraform.io/yandex-cloud/yandex\"]",
      "instances": [
        {
          "schema_version": 1,
          "attributes": {
            "allow_recreate": null,
            "allow_stopping_for_update": null,
            "boot_disk": [
              {
                "auto_delete": true,
                "device_name": "fhmj55lhg7gi3r15q5nm",
                "disk_id": "fhmj55lhg7gi3r15q5nm",
                "initialize_params": [
                  {
                    "block_size": 4096,
                    "description": "",
                    "image_id": "fd84un3d0obtanot7ckm",
                    "kms_key_id": "",
                    "name": "",
                    "size": 10,
                    "snapshot_id": "",
                    "type": "network-hdd"
                  }
                ],
                "mode": "READ_WRITE"
              }
            ],
            "created_at": "2025-05-18T13:39:36Z",
            "description": "",
            "filesystem": [],
            "folder_id": "b1gsemlntsmoemnfg83e",
            "fqdn": "fhme8tdt27u4h798mh8b.auto.internal",
            "gpu_cluster_id": "",
            "hardware_generation": [
              {
                "generation2_features": [],
                "legacy_features": [
                  {
                    "pci_topology": "PCI_TOPOLOGY_V2"
                  }
                ]
              }
            ],
            "hostname": "",
            "id": "fhme8tdt27u4h798mh8b",
            "labels": null,
            "local_disk": [],
            "maintenance_grace_period": "",
            "maintenance_policy": null,
            "metadata": {
              "ssh-keys": "ubuntu:ssh-rsa AAAAB3NzaC1yc2EAAAADAQABAAABAQDTYqqywnk7Z+msV/6AVxEUJwsocfVVqpjCnC/aSf2lCUUapUzqCAhOlFcr8Db5DAkVckds7yMIp/Z/OMRWanMaBKDkJ2ZwSdggGCM1VJqAZVR8K10VJy3mHSWfGdl9HE8kPmCQzX1G6EXK4tlqtdcdc5GhsADhg/DhYVOpDJEz+RXCVGu/af2ZNNegVvjTzpDNtbEnU9VRK8t7A9DQlsmjz0eb0HqLSDSD3Ur4HMoWhJ4HC19KBs49Ls1gef3FPDlpnUcc0JbEyP/+ISd4/BttgBJUKs88Z8l/aglxuWzZaY9uwUyScadO5ZMCxjIHvuKSLd9GBEuDYRT0PL5fhj7t damir@damir-VirtualBox\n"
            },
            "metadata_options": [
              {
                "aws_v1_http_endpoint": 1,
                "aws_v1_http_token": 2,
                "gce_http_endpoint": 1,
                "gce_http_token": 1
              }
            ],
            "name": "test-vm",
            "network_acceleration_type": "standard",
            "network_interface": [
              {
                "dns_record": [],
                "index": 0,
                "ip_address": "10.0.0.18",
                "ipv4": true,
                "ipv6": false,
                "ipv6_address": "",
                "ipv6_dns_record": [],
                "mac_address": "d0:0d:e4:75:bd:11",
                "nat": true,
                "nat_dns_record": [],
                "nat_ip_address": "158.160.108.250",
                "nat_ip_version": "IPV4",
                "security_group_ids": [],
                "subnet_id": "e9b5d00e1659r2am9beg"
              }
            ],
            "placement_policy": [
              {
                "host_affinity_rules": [],
                "placement_group_id": "",
                "placement_group_partition": 0
              }
            ],
            "platform_id": "standard-v1",
            "resources": [
              {
                "core_fraction": 100,
                "cores": 2,
                "gpus": 0,
                "memory": 2
              }
            ],
            "scheduling_policy": [
              {
                "preemptible": false
              }
            ],
            "secondary_disk": [],
            "service_account_id": "",
            "status": "running",
            "timeouts": null,
            "zone": "ru-central1-a"
          },
          "sensitive_attributes": [],
          "private": "eyJlMmJmYjczMC1lY2FhLTExZTYtOGY4OC0zNDM2M2JjN2M0YzAiOnsiY3JlYXRlIjozMDAwMDAwMDAwMDAsImRlbGV0ZSI6MzAwMDAwMDAwMDAwLCJ1cGRhdGUiOjMwMDAwMDAwMDAwMH0sInNjaGVtYV92ZXJzaW9uIjoiMSJ9",
          "dependencies": [
            "data.yandex_compute_image.ubuntu",
            "yandex_vpc_network.default",
            "yandex_vpc_subnet.default"
          ]
        }
      ]
    },
    {
      "mode": "managed",
      "type": "yandex_vpc_network",
      "name": "default",
      "provider": "provider[\"registry.terraform.io/yandex-cloud/yandex\"]",
      "instances": [
        {
          "schema_version": 0,
          "attributes": {
            "created_at": "2025-05-18T13:39:33Z",
            "default_security_group_id": "enppkfbcaj11ilruf3hu",
            "description": "",
            "folder_id": "b1gsemlntsmoemnfg83e",
            "id": "enpmdalp9cnj5686llev",
            "labels": {},
            "name": "default-network",
            "subnet_ids": [],
            "timeouts": null
          },
          "sensitive_attributes": [],
          "private": "eyJlMmJmYjczMC1lY2FhLTExZTYtOGY4OC0zNDM2M2JjN2M0YzAiOnsiY3JlYXRlIjo2MDAwMDAwMDAwMCwiZGVsZXRlIjo2MDAwMDAwMDAwMCwidXBkYXRlIjo2MDAwMDAwMDAwMH19"
        }
      ]
    },
    {
      "mode": "managed",
      "type": "yandex_vpc_subnet",
      "name": "default",
      "provider": "provider[\"registry.terraform.io/yandex-cloud/yandex\"]",
      "instances": [
        {
          "schema_version": 0,
          "attributes": {
            "created_at": "2025-05-18T13:39:35Z",
            "description": "",
            "dhcp_options": [],
            "folder_id": "b1gsemlntsmoemnfg83e",
            "id": "e9b5d00e1659r2am9beg",
            "labels": {},
            "name": "default-subnet",
            "network_id": "enpmdalp9cnj5686llev",
            "route_table_id": "",
            "timeouts": null,
            "v4_cidr_blocks": [
              "10.0.0.0/24"
            ],
            "v6_cidr_blocks": [],
            "zone": "ru-central1-a"
          },
          "sensitive_attributes": [],
          "private": "eyJlMmJmYjczMC1lY2FhLTExZTYtOGY4OC0zNDM2M2JjN2M0YzAiOnsiY3JlYXRlIjoxODAwMDAwMDAwMDAsImRlbGV0ZSI6MTgwMDAwMDAwMDAwLCJ1cGRhdGUiOjE4MDAwMDAwMDAwMH19",
          "dependencies": [
            "yandex_vpc_network.default"
          ]
        }
      ]
    }
  ],
  "check_results": null
}
